
Microsoft Visual Studio Solution File, Format Version 12.00
# Visual Studio Version 16
VisualStudioVersion = 16.0.31410.357
MinimumVisualStudioVersion = 10.0.40219.1
Project("{FAE04EC0-301F-11D3-BF4B-00C04F79EFBC}") = "MyFirstAPI", "MyFirstAPI\MyFirstAPI.csproj", "{D7384D08-0037-45EE-A6F0-4BEEEC5FD338}"
EndProject
Project("{FAE04EC0-301F-11D3-BF4B-00C04F79EFBC}") = "UseWebAPI", "UseWebAPI\UseWebAPI.csproj", "{2D12B313-5D8C-4002-B211-FDF963477E43}"
EndProject
Global
	GlobalSection(SolutionConfigurationPlatforms) = preSolution
		Debug|Any CPU = Debug|Any CPU
		Release|Any CPU = Release|Any CPU
	EndGlobalSection
	GlobalSection(ProjectConfigurationPlatforms) = postSolution
		{D7384D08-0037-45EE-A6F0-4BEEEC5FD338}.Debug|Any CPU.ActiveCfg = Debug|Any CPU
		{D7384D08-0037-45EE-A6F0-4BEEEC5FD338}.Debug|Any CPU.Build.0 = Debug|Any CPU
		{D7384D08-0037-45EE-A6F0-4BEEEC5FD338}.Release|Any CPU.ActiveCfg = Release|Any CPU
		{D7384D08-0037-45EE-A6F0-4BEEEC5FD338}.Release|Any CPU.Build.0 = Release|Any CPU
		{2D12B313-5D8C-4002-B211-FDF963477E43}.Debug|Any CPU.ActiveCfg = Debug|Any CPU
		{2D12B313-5D8C-4002-B211-FDF963477E43}.Debug|Any CPU.Build.0 = Debug|Any CPU
		{2D12B313-5D8C-4002-B211-FDF963477E43}.Release|Any CPU.ActiveCfg = Release|Any CPU
		{2D12B313-5D8C-4002-B211-FDF963477E43}.Release|Any CPU.Build.0 = Release|Any CPU
	EndGlobalSection
	GlobalSection(SolutionProperties) = preSolution
		HideSolutionNode = FALSE
	EndGlobalSection
	GlobalSection(ExtensibilityGlobals) = postSolution
		SolutionGuid = {E1BE0008-40D8-4EE1-8318-7CC1E722D5AE}
	EndGlobalSection
EndGlobal
